// !$*UTF8*$!
{
	archiveVersion = 1;
	classes = {
	};
	objectVersion = 46;
	objects = {

/* Begin PBXBuildFile section */
		3251BFDB1AB58E9F000DE726 /* ThriftTest.m in Sources */ = {isa = PBXBuildFile; fileRef = 3251BFDA1AB58E9F000DE726 /* ThriftTest.m */; settings = {COMPILER_FLAGS = "-fno-objc-arc"; }; };
		3251BFE51AB5F121000DE726 /* AFNetworkingThriftTransport.m in Sources */ = {isa = PBXBuildFile; fileRef = 3251BFE41AB5F121000DE726 /* AFNetworkingThriftTransport.m */; };
		3251BFE81AB5FA62000DE726 /* asdf.m in Sources */ = {isa = PBXBuildFile; fileRef = 3251BFE61AB5FA62000DE726 /* asdf.m */; };
		3251BFEB1AB5FC62000DE726 /* LiberalBinaryProtocolFactory.m in Sources */ = {isa = PBXBuildFile; fileRef = 3251BFEA1AB5FC62000DE726 /* LiberalBinaryProtocolFactory.m */; };
		3251C01F1AB601DE000DE726 /* TBinaryProtocol.m in Sources */ = {isa = PBXBuildFile; fileRef = 3251BFF01AB601DE000DE726 /* TBinaryProtocol.m */; };
		3251C0201AB601DE000DE726 /* TMultiplexedProtocol.m in Sources */ = {isa = PBXBuildFile; fileRef = 3251BFF21AB601DE000DE726 /* TMultiplexedProtocol.m */; };
		3251C0211AB601DE000DE726 /* TProtocolDecorator.m in Sources */ = {isa = PBXBuildFile; fileRef = 3251BFF51AB601DE000DE726 /* TProtocolDecorator.m */; };
		3251C0221AB601DE000DE726 /* TProtocolException.m in Sources */ = {isa = PBXBuildFile; fileRef = 3251BFF71AB601DE000DE726 /* TProtocolException.m */; };
		3251C0231AB601DE000DE726 /* TProtocolUtil.m in Sources */ = {isa = PBXBuildFile; fileRef = 3251BFFA1AB601DE000DE726 /* TProtocolUtil.m */; };
		3251C0241AB601DE000DE726 /* TSocketServer.m in Sources */ = {isa = PBXBuildFile; fileRef = 3251BFFD1AB601DE000DE726 /* TSocketServer.m */; };
		3251C0251AB601DE000DE726 /* TApplicationException.m in Sources */ = {isa = PBXBuildFile; fileRef = 3251BFFF1AB601DE000DE726 /* TApplicationException.m */; };
		3251C0261AB601DE000DE726 /* TBaseClient.m in Sources */ = {isa = PBXBuildFile; fileRef = 3251C0011AB601DE000DE726 /* TBaseClient.m */; };
		3251C0271AB601DE000DE726 /* TException.m in Sources */ = {isa = PBXBuildFile; fileRef = 3251C0031AB601DE000DE726 /* TException.m */; };
		3251C0281AB601DE000DE726 /* TFramedTransport.m in Sources */ = {isa = PBXBuildFile; fileRef = 3251C00B1AB601DE000DE726 /* TFramedTransport.m */; };
		3251C0291AB601DE000DE726 /* THTTPClient.m in Sources */ = {isa = PBXBuildFile; fileRef = 3251C00D1AB601DE000DE726 /* THTTPClient.m */; };
		3251C02A1AB601DE000DE726 /* TMemoryBuffer.m in Sources */ = {isa = PBXBuildFile; fileRef = 3251C00F1AB601DE000DE726 /* TMemoryBuffer.m */; };
		3251C02B1AB601DE000DE726 /* TNSFileHandleTransport.m in Sources */ = {isa = PBXBuildFile; fileRef = 3251C0111AB601DE000DE726 /* TNSFileHandleTransport.m */; };
		3251C02C1AB601DE000DE726 /* TNSStreamTransport.m in Sources */ = {isa = PBXBuildFile; fileRef = 3251C0131AB601DE000DE726 /* TNSStreamTransport.m */; };
		3251C02D1AB601DE000DE726 /* TSocketClient.m in Sources */ = {isa = PBXBuildFile; fileRef = 3251C0151AB601DE000DE726 /* TSocketClient.m */; };
		3251C02E1AB601DE000DE726 /* TSSLSocketClient.m in Sources */ = {isa = PBXBuildFile; fileRef = 3251C0171AB601DE000DE726 /* TSSLSocketClient.m */; };
		3251C02F1AB601DE000DE726 /* TSSLSocketException.m in Sources */ = {isa = PBXBuildFile; fileRef = 3251C0191AB601DE000DE726 /* TSSLSocketException.m */; };
		3251C0301AB601DE000DE726 /* TTransportException.m in Sources */ = {isa = PBXBuildFile; fileRef = 3251C01C1AB601DE000DE726 /* TTransportException.m */; };
		3251C0311AB601DE000DE726 /* TSharedProcessorFactory.m in Sources */ = {isa = PBXBuildFile; fileRef = 3251C01E1AB601DE000DE726 /* TSharedProcessorFactory.m */; };
		32D8DBBD1AB586D200D338B2 /* main.m in Sources */ = {isa = PBXBuildFile; fileRef = 32D8DBBC1AB586D200D338B2 /* main.m */; };
		32D8DBC01AB586D200D338B2 /* AppDelegate.m in Sources */ = {isa = PBXBuildFile; fileRef = 32D8DBBF1AB586D200D338B2 /* AppDelegate.m */; };
		32D8DBC31AB586D200D338B2 /* ViewController.m in Sources */ = {isa = PBXBuildFile; fileRef = 32D8DBC21AB586D200D338B2 /* ViewController.m */; };
		32D8DBC61AB586D200D338B2 /* Main.storyboard in Resources */ = {isa = PBXBuildFile; fileRef = 32D8DBC41AB586D200D338B2 /* Main.storyboard */; };
		32D8DBC81AB586D200D338B2 /* Images.xcassets in Resources */ = {isa = PBXBuildFile; fileRef = 32D8DBC71AB586D200D338B2 /* Images.xcassets */; };
		32D8DBCB1AB586D200D338B2 /* LaunchScreen.xib in Resources */ = {isa = PBXBuildFile; fileRef = 32D8DBC91AB586D200D338B2 /* LaunchScreen.xib */; };
		32D8DBD71AB586D200D338B2 /* thrift_cocoa_loveTests.m in Sources */ = {isa = PBXBuildFile; fileRef = 32D8DBD61AB586D200D338B2 /* thrift_cocoa_loveTests.m */; };
		F2A6545605F010FE0581BA94 /* libPods.a in Frameworks */ = {isa = PBXBuildFile; fileRef = 00A71B840B066FED5278E52C /* libPods.a */; };
/* End PBXBuildFile section */

/* Begin PBXContainerItemProxy section */
		32D8DBD11AB586D200D338B2 /* PBXContainerItemProxy */ = {
			isa = PBXContainerItemProxy;
			containerPortal = 32D8DBAF1AB586D200D338B2 /* Project object */;
			proxyType = 1;
			remoteGlobalIDString = 32D8DBB61AB586D200D338B2;
			remoteInfo = "thrift-cocoa-love";
		};
/* End PBXContainerItemProxy section */

/* Begin PBXFileReference section */
		00A71B840B066FED5278E52C /* libPods.a */ = {isa = PBXFileReference; explicitFileType = archive.ar; includeInIndex = 0; path = libPods.a; sourceTree = BUILT_PRODUCTS_DIR; };
		3251BFD91AB58E9F000DE726 /* ThriftTest.h */ = {isa = PBXFileReference; fileEncoding = 4; lastKnownFileType = sourcecode.c.h; path = ThriftTest.h; sourceTree = "<group>"; };
		3251BFDA1AB58E9F000DE726 /* ThriftTest.m */ = {isa = PBXFileReference; fileEncoding = 4; lastKnownFileType = sourcecode.c.objc; path = ThriftTest.m; sourceTree = "<group>"; };
		3251BFE31AB5F121000DE726 /* AFNetworkingThriftTransport.h */ = {isa = PBXFileReference; fileEncoding = 4; lastKnownFileType = sourcecode.c.h; path = AFNetworkingThriftTransport.h; sourceTree = "<group>"; };
		3251BFE41AB5F121000DE726 /* AFNetworkingThriftTransport.m */ = {isa = PBXFileReference; fileEncoding = 4; lastKnownFileType = sourcecode.c.objc; path = AFNetworkingThriftTransport.m; sourceTree = "<group>"; };
		3251BFE61AB5FA62000DE726 /* asdf.m */ = {isa = PBXFileReference; fileEncoding = 4; lastKnownFileType = sourcecode.c.objc; path = asdf.m; sourceTree = "<group>"; };
		3251BFE71AB5FA62000DE726 /* asdf.h */ = {isa = PBXFileReference; fileEncoding = 4; lastKnownFileType = sourcecode.c.h; path = asdf.h; sourceTree = "<group>"; };
		3251BFE91AB5FC62000DE726 /* LiberalBinaryProtocolFactory.h */ = {isa = PBXFileReference; fileEncoding = 4; lastKnownFileType = sourcecode.c.h; path = LiberalBinaryProtocolFactory.h; sourceTree = "<group>"; };
		3251BFEA1AB5FC62000DE726 /* LiberalBinaryProtocolFactory.m */ = {isa = PBXFileReference; fileEncoding = 4; lastKnownFileType = sourcecode.c.objc; path = LiberalBinaryProtocolFactory.m; sourceTree = "<group>"; };
		3251BFEE1AB601DE000DE726 /* TBase.h */ = {isa = PBXFileReference; fileEncoding = 4; lastKnownFileType = sourcecode.c.h; path = TBase.h; sourceTree = "<group>"; };
		3251BFEF1AB601DE000DE726 /* TBinaryProtocol.h */ = {isa = PBXFileReference; fileEncoding = 4; lastKnownFileType = sourcecode.c.h; path = TBinaryProtocol.h; sourceTree = "<group>"; };
		3251BFF01AB601DE000DE726 /* TBinaryProtocol.m */ = {isa = PBXFileReference; fileEncoding = 4; lastKnownFileType = sourcecode.c.objc; path = TBinaryProtocol.m; sourceTree = "<group>"; };
		3251BFF11AB601DE000DE726 /* TMultiplexedProtocol.h */ = {isa = PBXFileReference; fileEncoding = 4; lastKnownFileType = sourcecode.c.h; path = TMultiplexedProtocol.h; sourceTree = "<group>"; };
		3251BFF21AB601DE000DE726 /* TMultiplexedProtocol.m */ = {isa = PBXFileReference; fileEncoding = 4; lastKnownFileType = sourcecode.c.objc; path = TMultiplexedProtocol.m; sourceTree = "<group>"; };
		3251BFF31AB601DE000DE726 /* TProtocol.h */ = {isa = PBXFileReference; fileEncoding = 4; lastKnownFileType = sourcecode.c.h; path = TProtocol.h; sourceTree = "<group>"; };
		3251BFF41AB601DE000DE726 /* TProtocolDecorator.h */ = {isa = PBXFileReference; fileEncoding = 4; lastKnownFileType = sourcecode.c.h; path = TProtocolDecorator.h; sourceTree = "<group>"; };
		3251BFF51AB601DE000DE726 /* TProtocolDecorator.m */ = {isa = PBXFileReference; fileEncoding = 4; lastKnownFileType = sourcecode.c.objc; path = TProtocolDecorator.m; sourceTree = "<group>"; };
		3251BFF61AB601DE000DE726 /* TProtocolException.h */ = {isa = PBXFileReference; fileEncoding = 4; lastKnownFileType = sourcecode.c.h; path = TProtocolException.h; sourceTree = "<group>"; };
		3251BFF71AB601DE000DE726 /* TProtocolException.m */ = {isa = PBXFileReference; fileEncoding = 4; lastKnownFileType = sourcecode.c.objc; path = TProtocolException.m; sourceTree = "<group>"; };
		3251BFF81AB601DE000DE726 /* TProtocolFactory.h */ = {isa = PBXFileReference; fileEncoding = 4; lastKnownFileType = sourcecode.c.h; path = TProtocolFactory.h; sourceTree = "<group>"; };
		3251BFF91AB601DE000DE726 /* TProtocolUtil.h */ = {isa = PBXFileReference; fileEncoding = 4; lastKnownFileType = sourcecode.c.h; path = TProtocolUtil.h; sourceTree = "<group>"; };
		3251BFFA1AB601DE000DE726 /* TProtocolUtil.m */ = {isa = PBXFileReference; fileEncoding = 4; lastKnownFileType = sourcecode.c.objc; path = TProtocolUtil.m; sourceTree = "<group>"; };
		3251BFFC1AB601DE000DE726 /* TSocketServer.h */ = {isa = PBXFileReference; fileEncoding = 4; lastKnownFileType = sourcecode.c.h; path = TSocketServer.h; sourceTree = "<group>"; };
		3251BFFD1AB601DE000DE726 /* TSocketServer.m */ = {isa = PBXFileReference; fileEncoding = 4; lastKnownFileType = sourcecode.c.objc; path = TSocketServer.m; sourceTree = "<group>"; };
		3251BFFE1AB601DE000DE726 /* TApplicationException.h */ = {isa = PBXFileReference; fileEncoding = 4; lastKnownFileType = sourcecode.c.h; path = TApplicationException.h; sourceTree = "<group>"; };
		3251BFFF1AB601DE000DE726 /* TApplicationException.m */ = {isa = PBXFileReference; fileEncoding = 4; lastKnownFileType = sourcecode.c.objc; path = TApplicationException.m; sourceTree = "<group>"; };
		3251C0001AB601DE000DE726 /* TBaseClient.h */ = {isa = PBXFileReference; fileEncoding = 4; lastKnownFileType = sourcecode.c.h; path = TBaseClient.h; sourceTree = "<group>"; };
		3251C0011AB601DE000DE726 /* TBaseClient.m */ = {isa = PBXFileReference; fileEncoding = 4; lastKnownFileType = sourcecode.c.objc; path = TBaseClient.m; sourceTree = "<group>"; };
		3251C0021AB601DE000DE726 /* TException.h */ = {isa = PBXFileReference; fileEncoding = 4; lastKnownFileType = sourcecode.c.h; path = TException.h; sourceTree = "<group>"; };
		3251C0031AB601DE000DE726 /* TException.m */ = {isa = PBXFileReference; fileEncoding = 4; lastKnownFileType = sourcecode.c.objc; path = TException.m; sourceTree = "<group>"; };
		3251C0041AB601DE000DE726 /* Thrift.h */ = {isa = PBXFileReference; fileEncoding = 4; lastKnownFileType = sourcecode.c.h; path = Thrift.h; sourceTree = "<group>"; };
		3251C0051AB601DE000DE726 /* TObjective-C.h */ = {isa = PBXFileReference; fileEncoding = 4; lastKnownFileType = sourcecode.c.h; path = "TObjective-C.h"; sourceTree = "<group>"; };
		3251C0061AB601DE000DE726 /* TProcessor.h */ = {isa = PBXFileReference; fileEncoding = 4; lastKnownFileType = sourcecode.c.h; path = TProcessor.h; sourceTree = "<group>"; };
		3251C0071AB601DE000DE726 /* TProcessorFactory.h */ = {isa = PBXFileReference; fileEncoding = 4; lastKnownFileType = sourcecode.c.h; path = TProcessorFactory.h; sourceTree = "<group>"; };
		3251C0091AB601DE000DE726 /* TAsyncTransport.h */ = {isa = PBXFileReference; fileEncoding = 4; lastKnownFileType = sourcecode.c.h; path = TAsyncTransport.h; sourceTree = "<group>"; };
		3251C00A1AB601DE000DE726 /* TFramedTransport.h */ = {isa = PBXFileReference; fileEncoding = 4; lastKnownFileType = sourcecode.c.h; path = TFramedTransport.h; sourceTree = "<group>"; };
		3251C00B1AB601DE000DE726 /* TFramedTransport.m */ = {isa = PBXFileReference; fileEncoding = 4; lastKnownFileType = sourcecode.c.objc; path = TFramedTransport.m; sourceTree = "<group>"; };
		3251C00C1AB601DE000DE726 /* THTTPClient.h */ = {isa = PBXFileReference; fileEncoding = 4; lastKnownFileType = sourcecode.c.h; path = THTTPClient.h; sourceTree = "<group>"; };
		3251C00D1AB601DE000DE726 /* THTTPClient.m */ = {isa = PBXFileReference; fileEncoding = 4; lastKnownFileType = sourcecode.c.objc; path = THTTPClient.m; sourceTree = "<group>"; };
		3251C00E1AB601DE000DE726 /* TMemoryBuffer.h */ = {isa = PBXFileReference; fileEncoding = 4; lastKnownFileType = sourcecode.c.h; path = TMemoryBuffer.h; sourceTree = "<group>"; };
		3251C00F1AB601DE000DE726 /* TMemoryBuffer.m */ = {isa = PBXFileReference; fileEncoding = 4; lastKnownFileType = sourcecode.c.objc; path = TMemoryBuffer.m; sourceTree = "<group>"; };
		3251C0101AB601DE000DE726 /* TNSFileHandleTransport.h */ = {isa = PBXFileReference; fileEncoding = 4; lastKnownFileType = sourcecode.c.h; path = TNSFileHandleTransport.h; sourceTree = "<group>"; };
		3251C0111AB601DE000DE726 /* TNSFileHandleTransport.m */ = {isa = PBXFileReference; fileEncoding = 4; lastKnownFileType = sourcecode.c.objc; path = TNSFileHandleTransport.m; sourceTree = "<group>"; };
		3251C0121AB601DE000DE726 /* TNSStreamTransport.h */ = {isa = PBXFileReference; fileEncoding = 4; lastKnownFileType = sourcecode.c.h; path = TNSStreamTransport.h; sourceTree = "<group>"; };
		3251C0131AB601DE000DE726 /* TNSStreamTransport.m */ = {isa = PBXFileReference; fileEncoding = 4; lastKnownFileType = sourcecode.c.objc; path = TNSStreamTransport.m; sourceTree = "<group>"; };
		3251C0141AB601DE000DE726 /* TSocketClient.h */ = {isa = PBXFileReference; fileEncoding = 4; lastKnownFileType = sourcecode.c.h; path = TSocketClient.h; sourceTree = "<group>"; };
		3251C0151AB601DE000DE726 /* TSocketClient.m */ = {isa = PBXFileReference; fileEncoding = 4; lastKnownFileType = sourcecode.c.objc; path = TSocketClient.m; sourceTree = "<group>"; };
		3251C0161AB601DE000DE726 /* TSSLSocketClient.h */ = {isa = PBXFileReference; fileEncoding = 4; lastKnownFileType = sourcecode.c.h; path = TSSLSocketClient.h; sourceTree = "<group>"; };
		3251C0171AB601DE000DE726 /* TSSLSocketClient.m */ = {isa = PBXFileReference; fileEncoding = 4; lastKnownFileType = sourcecode.c.objc; path = TSSLSocketClient.m; sourceTree = "<group>"; };
		3251C0181AB601DE000DE726 /* TSSLSocketException.h */ = {isa = PBXFileReference; fileEncoding = 4; lastKnownFileType = sourcecode.c.h; path = TSSLSocketException.h; sourceTree = "<group>"; };
		3251C0191AB601DE000DE726 /* TSSLSocketException.m */ = {isa = PBXFileReference; fileEncoding = 4; lastKnownFileType = sourcecode.c.objc; path = TSSLSocketException.m; sourceTree = "<group>"; };
		3251C01A1AB601DE000DE726 /* TTransport.h */ = {isa = PBXFileReference; fileEncoding = 4; lastKnownFileType = sourcecode.c.h; path = TTransport.h; sourceTree = "<group>"; };
		3251C01B1AB601DE000DE726 /* TTransportException.h */ = {isa = PBXFileReference; fileEncoding = 4; lastKnownFileType = sourcecode.c.h; path = TTransportException.h; sourceTree = "<group>"; };
		3251C01C1AB601DE000DE726 /* TTransportException.m */ = {isa = PBXFileReference; fileEncoding = 4; lastKnownFileType = sourcecode.c.objc; path = TTransportException.m; sourceTree = "<group>"; };
		3251C01D1AB601DE000DE726 /* TSharedProcessorFactory.h */ = {isa = PBXFileReference; fileEncoding = 4; lastKnownFileType = sourcecode.c.h; path = TSharedProcessorFactory.h; sourceTree = "<group>"; };
		3251C01E1AB601DE000DE726 /* TSharedProcessorFactory.m */ = {isa = PBXFileReference; fileEncoding = 4; lastKnownFileType = sourcecode.c.objc; path = TSharedProcessorFactory.m; sourceTree = "<group>"; };
		32D8DBB71AB586D200D338B2 /* thrift-cocoa-love.app */ = {isa = PBXFileReference; explicitFileType = wrapper.application; includeInIndex = 0; path = "thrift-cocoa-love.app"; sourceTree = BUILT_PRODUCTS_DIR; };
		32D8DBBB1AB586D200D338B2 /* Info.plist */ = {isa = PBXFileReference; lastKnownFileType = text.plist.xml; path = Info.plist; sourceTree = "<group>"; };
		32D8DBBC1AB586D200D338B2 /* main.m */ = {isa = PBXFileReference; lastKnownFileType = sourcecode.c.objc; path = main.m; sourceTree = "<group>"; };
		32D8DBBE1AB586D200D338B2 /* AppDelegate.h */ = {isa = PBXFileReference; lastKnownFileType = sourcecode.c.h; path = AppDelegate.h; sourceTree = "<group>"; };
		32D8DBBF1AB586D200D338B2 /* AppDelegate.m */ = {isa = PBXFileReference; lastKnownFileType = sourcecode.c.objc; path = AppDelegate.m; sourceTree = "<group>"; };
		32D8DBC11AB586D200D338B2 /* ViewController.h */ = {isa = PBXFileReference; lastKnownFileType = sourcecode.c.h; path = ViewController.h; sourceTree = "<group>"; };
		32D8DBC21AB586D200D338B2 /* ViewController.m */ = {isa = PBXFileReference; lastKnownFileType = sourcecode.c.objc; path = ViewController.m; sourceTree = "<group>"; };
		32D8DBC51AB586D200D338B2 /* Base */ = {isa = PBXFileReference; lastKnownFileType = file.storyboard; name = Base; path = Base.lproj/Main.storyboard; sourceTree = "<group>"; };
		32D8DBC71AB586D200D338B2 /* Images.xcassets */ = {isa = PBXFileReference; lastKnownFileType = folder.assetcatalog; path = Images.xcassets; sourceTree = "<group>"; };
		32D8DBCA1AB586D200D338B2 /* Base */ = {isa = PBXFileReference; lastKnownFileType = file.xib; name = Base; path = Base.lproj/LaunchScreen.xib; sourceTree = "<group>"; };
		32D8DBD01AB586D200D338B2 /* thrift-cocoa-loveTests.xctest */ = {isa = PBXFileReference; explicitFileType = wrapper.cfbundle; includeInIndex = 0; path = "thrift-cocoa-loveTests.xctest"; sourceTree = BUILT_PRODUCTS_DIR; };
		32D8DBD51AB586D200D338B2 /* Info.plist */ = {isa = PBXFileReference; lastKnownFileType = text.plist.xml; path = Info.plist; sourceTree = "<group>"; };
		32D8DBD61AB586D200D338B2 /* thrift_cocoa_loveTests.m */ = {isa = PBXFileReference; lastKnownFileType = sourcecode.c.objc; path = thrift_cocoa_loveTests.m; sourceTree = "<group>"; };
		9D07D1CBAC2CFC81F0022DE2 /* Pods.release.xcconfig */ = {isa = PBXFileReference; includeInIndex = 1; lastKnownFileType = text.xcconfig; name = Pods.release.xcconfig; path = "Pods/Target Support Files/Pods/Pods.release.xcconfig"; sourceTree = "<group>"; };
		C604A55B4B9CE1025E4D0DDC /* Pods.debug.xcconfig */ = {isa = PBXFileReference; includeInIndex = 1; lastKnownFileType = text.xcconfig; name = Pods.debug.xcconfig; path = "Pods/Target Support Files/Pods/Pods.debug.xcconfig"; sourceTree = "<group>"; };
/* End PBXFileReference section */

/* Begin PBXFrameworksBuildPhase section */
		32D8DBB41AB586D200D338B2 /* Frameworks */ = {
			isa = PBXFrameworksBuildPhase;
			buildActionMask = 2147483647;
			files = (
				F2A6545605F010FE0581BA94 /* libPods.a in Frameworks */,
			);
			runOnlyForDeploymentPostprocessing = 0;
		};
		32D8DBCD1AB586D200D338B2 /* Frameworks */ = {
			isa = PBXFrameworksBuildPhase;
			buildActionMask = 2147483647;
			files = (
			);
			runOnlyForDeploymentPostprocessing = 0;
		};
/* End PBXFrameworksBuildPhase section */

/* Begin PBXGroup section */
		0566404D28A52DCD33C62865 /* Frameworks */ = {
			isa = PBXGroup;
			children = (
				00A71B840B066FED5278E52C /* libPods.a */,
			);
			name = Frameworks;
			sourceTree = "<group>";
		};
		1829A6B1854E385E83136F1B /* Pods */ = {
			isa = PBXGroup;
			children = (
				C604A55B4B9CE1025E4D0DDC /* Pods.debug.xcconfig */,
				9D07D1CBAC2CFC81F0022DE2 /* Pods.release.xcconfig */,
			);
			name = Pods;
			sourceTree = "<group>";
		};
		3251BFD81AB58E9F000DE726 /* gen-cocoa */ = {
			isa = PBXGroup;
			children = (
				3251BFE71AB5FA62000DE726 /* asdf.h */,
				3251BFE61AB5FA62000DE726 /* asdf.m */,
				3251BFD91AB58E9F000DE726 /* ThriftTest.h */,
				3251BFDA1AB58E9F000DE726 /* ThriftTest.m */,
			);
			path = "gen-cocoa";
			sourceTree = SOURCE_ROOT;
		};
		3251BFEC1AB601DE000DE726 /* lib */ = {
			isa = PBXGroup;
			children = (
				3251BFED1AB601DE000DE726 /* protocol */,
				3251BFFB1AB601DE000DE726 /* server */,
				3251BFFE1AB601DE000DE726 /* TApplicationException.h */,
				3251BFFF1AB601DE000DE726 /* TApplicationException.m */,
				3251C0001AB601DE000DE726 /* TBaseClient.h */,
				3251C0011AB601DE000DE726 /* TBaseClient.m */,
				3251C0021AB601DE000DE726 /* TException.h */,
				3251C0031AB601DE000DE726 /* TException.m */,
				3251C0041AB601DE000DE726 /* Thrift.h */,
				3251C0051AB601DE000DE726 /* TObjective-C.h */,
				3251C0061AB601DE000DE726 /* TProcessor.h */,
				3251C0071AB601DE000DE726 /* TProcessorFactory.h */,
				3251C0081AB601DE000DE726 /* transport */,
				3251C01D1AB601DE000DE726 /* TSharedProcessorFactory.h */,
				3251C01E1AB601DE000DE726 /* TSharedProcessorFactory.m */,
			);
			path = lib;
			sourceTree = SOURCE_ROOT;
		};
		3251BFED1AB601DE000DE726 /* protocol */ = {
			isa = PBXGroup;
			children = (
				3251BFEE1AB601DE000DE726 /* TBase.h */,
				3251BFEF1AB601DE000DE726 /* TBinaryProtocol.h */,
				3251BFF01AB601DE000DE726 /* TBinaryProtocol.m */,
				3251BFF11AB601DE000DE726 /* TMultiplexedProtocol.h */,
				3251BFF21AB601DE000DE726 /* TMultiplexedProtocol.m */,
				3251BFF31AB601DE000DE726 /* TProtocol.h */,
				3251BFF41AB601DE000DE726 /* TProtocolDecorator.h */,
				3251BFF51AB601DE000DE726 /* TProtocolDecorator.m */,
				3251BFF61AB601DE000DE726 /* TProtocolException.h */,
				3251BFF71AB601DE000DE726 /* TProtocolException.m */,
				3251BFF81AB601DE000DE726 /* TProtocolFactory.h */,
				3251BFF91AB601DE000DE726 /* TProtocolUtil.h */,
				3251BFFA1AB601DE000DE726 /* TProtocolUtil.m */,
			);
			path = protocol;
			sourceTree = "<group>";
		};
		3251BFFB1AB601DE000DE726 /* server */ = {
			isa = PBXGroup;
			children = (
				3251BFFC1AB601DE000DE726 /* TSocketServer.h */,
				3251BFFD1AB601DE000DE726 /* TSocketServer.m */,
			);
			path = server;
			sourceTree = "<group>";
		};
		3251C0081AB601DE000DE726 /* transport */ = {
			isa = PBXGroup;
			children = (
				3251C0091AB601DE000DE726 /* TAsyncTransport.h */,
				3251C00A1AB601DE000DE726 /* TFramedTransport.h */,
				3251C00B1AB601DE000DE726 /* TFramedTransport.m */,
				3251C00C1AB601DE000DE726 /* THTTPClient.h */,
				3251C00D1AB601DE000DE726 /* THTTPClient.m */,
				3251C00E1AB601DE000DE726 /* TMemoryBuffer.h */,
				3251C00F1AB601DE000DE726 /* TMemoryBuffer.m */,
				3251C0101AB601DE000DE726 /* TNSFileHandleTransport.h */,
				3251C0111AB601DE000DE726 /* TNSFileHandleTransport.m */,
				3251C0121AB601DE000DE726 /* TNSStreamTransport.h */,
				3251C0131AB601DE000DE726 /* TNSStreamTransport.m */,
				3251C0141AB601DE000DE726 /* TSocketClient.h */,
				3251C0151AB601DE000DE726 /* TSocketClient.m */,
				3251C0161AB601DE000DE726 /* TSSLSocketClient.h */,
				3251C0171AB601DE000DE726 /* TSSLSocketClient.m */,
				3251C0181AB601DE000DE726 /* TSSLSocketException.h */,
				3251C0191AB601DE000DE726 /* TSSLSocketException.m */,
				3251C01A1AB601DE000DE726 /* TTransport.h */,
				3251C01B1AB601DE000DE726 /* TTransportException.h */,
				3251C01C1AB601DE000DE726 /* TTransportException.m */,
			);
			path = transport;
			sourceTree = "<group>";
		};
		32D8DBAE1AB586D200D338B2 = {
			isa = PBXGroup;
			children = (
				32D8DBB91AB586D200D338B2 /* thrift-cocoa-love */,
				32D8DBD31AB586D200D338B2 /* thrift-cocoa-loveTests */,
				32D8DBB81AB586D200D338B2 /* Products */,
				1829A6B1854E385E83136F1B /* Pods */,
				0566404D28A52DCD33C62865 /* Frameworks */,
			);
			sourceTree = "<group>";
		};
		32D8DBB81AB586D200D338B2 /* Products */ = {
			isa = PBXGroup;
			children = (
				32D8DBB71AB586D200D338B2 /* thrift-cocoa-love.app */,
				32D8DBD01AB586D200D338B2 /* thrift-cocoa-loveTests.xctest */,
			);
			name = Products;
			sourceTree = "<group>";
		};
		32D8DBB91AB586D200D338B2 /* thrift-cocoa-love */ = {
			isa = PBXGroup;
			children = (
				3251BFEC1AB601DE000DE726 /* lib */,
				3251BFE31AB5F121000DE726 /* AFNetworkingThriftTransport.h */,
				3251BFE41AB5F121000DE726 /* AFNetworkingThriftTransport.m */,
				32D8DBBE1AB586D200D338B2 /* AppDelegate.h */,
				32D8DBBF1AB586D200D338B2 /* AppDelegate.m */,
				3251BFD81AB58E9F000DE726 /* gen-cocoa */,
				32D8DBC71AB586D200D338B2 /* Images.xcassets */,
				32D8DBC91AB586D200D338B2 /* LaunchScreen.xib */,
				32D8DBC41AB586D200D338B2 /* Main.storyboard */,
				32D8DBBA1AB586D200D338B2 /* Supporting Files */,
				32D8DBC11AB586D200D338B2 /* ViewController.h */,
				32D8DBC21AB586D200D338B2 /* ViewController.m */,
				3251BFE91AB5FC62000DE726 /* LiberalBinaryProtocolFactory.h */,
				3251BFEA1AB5FC62000DE726 /* LiberalBinaryProtocolFactory.m */,
			);
			path = "thrift-cocoa-love";
			sourceTree = "<group>";
		};
		32D8DBBA1AB586D200D338B2 /* Supporting Files */ = {
			isa = PBXGroup;
			children = (
				32D8DBBB1AB586D200D338B2 /* Info.plist */,
				32D8DBBC1AB586D200D338B2 /* main.m */,
			);
			name = "Supporting Files";
			sourceTree = "<group>";
		};
		32D8DBD31AB586D200D338B2 /* thrift-cocoa-loveTests */ = {
			isa = PBXGroup;
			children = (
				32D8DBD61AB586D200D338B2 /* thrift_cocoa_loveTests.m */,
				32D8DBD41AB586D200D338B2 /* Supporting Files */,
			);
			path = "thrift-cocoa-loveTests";
			sourceTree = "<group>";
		};
		32D8DBD41AB586D200D338B2 /* Supporting Files */ = {
			isa = PBXGroup;
			children = (
				32D8DBD51AB586D200D338B2 /* Info.plist */,
			);
			name = "Supporting Files";
			sourceTree = "<group>";
		};
/* End PBXGroup section */

/* Begin PBXNativeTarget section */
		32D8DBB61AB586D200D338B2 /* thrift-cocoa-love */ = {
			isa = PBXNativeTarget;
			buildConfigurationList = 32D8DBDA1AB586D200D338B2 /* Build configuration list for PBXNativeTarget "thrift-cocoa-love" */;
			buildPhases = (
				801CAF355A9B92FFA6034D45 /* Check Pods Manifest.lock */,
				32D8DBB31AB586D200D338B2 /* Sources */,
				32D8DBB41AB586D200D338B2 /* Frameworks */,
				32D8DBB51AB586D200D338B2 /* Resources */,
				EBD383B17BAEA1DF9771FE2C /* Copy Pods Resources */,
			);
			buildRules = (
			);
			dependencies = (
			);
			name = "thrift-cocoa-love";
			productName = "thrift-cocoa-love";
			productReference = 32D8DBB71AB586D200D338B2 /* thrift-cocoa-love.app */;
			productType = "com.apple.product-type.application";
		};
		32D8DBCF1AB586D200D338B2 /* thrift-cocoa-loveTests */ = {
			isa = PBXNativeTarget;
			buildConfigurationList = 32D8DBDD1AB586D200D338B2 /* Build configuration list for PBXNativeTarget "thrift-cocoa-loveTests" */;
			buildPhases = (
				32D8DBCC1AB586D200D338B2 /* Sources */,
				32D8DBCD1AB586D200D338B2 /* Frameworks */,
				32D8DBCE1AB586D200D338B2 /* Resources */,
			);
			buildRules = (
			);
			dependencies = (
				32D8DBD21AB586D200D338B2 /* PBXTargetDependency */,
			);
			name = "thrift-cocoa-loveTests";
			productName = "thrift-cocoa-loveTests";
			productReference = 32D8DBD01AB586D200D338B2 /* thrift-cocoa-loveTests.xctest */;
			productType = "com.apple.product-type.bundle.unit-test";
		};
/* End PBXNativeTarget section */

/* Begin PBXProject section */
		32D8DBAF1AB586D200D338B2 /* Project object */ = {
			isa = PBXProject;
			attributes = {
				LastUpgradeCheck = 0610;
				ORGANIZATIONNAME = NoWait;
				TargetAttributes = {
					32D8DBB61AB586D200D338B2 = {
						CreatedOnToolsVersion = 6.1.1;
					};
					32D8DBCF1AB586D200D338B2 = {
						CreatedOnToolsVersion = 6.1.1;
						TestTargetID = 32D8DBB61AB586D200D338B2;
					};
				};
			};
			buildConfigurationList = 32D8DBB21AB586D200D338B2 /* Build configuration list for PBXProject "thrift-cocoa-love" */;
			compatibilityVersion = "Xcode 3.2";
			developmentRegion = English;
			hasScannedForEncodings = 0;
			knownRegions = (
				en,
				Base,
			);
			mainGroup = 32D8DBAE1AB586D200D338B2;
			productRefGroup = 32D8DBB81AB586D200D338B2 /* Products */;
			projectDirPath = "";
			projectRoot = "";
			targets = (
				32D8DBB61AB586D200D338B2 /* thrift-cocoa-love */,
				32D8DBCF1AB586D200D338B2 /* thrift-cocoa-loveTests */,
			);
		};
/* End PBXProject section */

/* Begin PBXResourcesBuildPhase section */
		32D8DBB51AB586D200D338B2 /* Resources */ = {
			isa = PBXResourcesBuildPhase;
			buildActionMask = 2147483647;
			files = (
				32D8DBC61AB586D200D338B2 /* Main.storyboard in Resources */,
				32D8DBCB1AB586D200D338B2 /* LaunchScreen.xib in Resources */,
				32D8DBC81AB586D200D338B2 /* Images.xcassets in Resources */,
			);
			runOnlyForDeploymentPostprocessing = 0;
		};
		32D8DBCE1AB586D200D338B2 /* Resources */ = {
			isa = PBXResourcesBuildPhase;
			buildActionMask = 2147483647;
			files = (
			);
			runOnlyForDeploymentPostprocessing = 0;
		};
/* End PBXResourcesBuildPhase section */

/* Begin PBXShellScriptBuildPhase section */
		801CAF355A9B92FFA6034D45 /* Check Pods Manifest.lock */ = {
			isa = PBXShellScriptBuildPhase;
			buildActionMask = 2147483647;
			files = (
			);
			inputPaths = (
			);
			name = "Check Pods Manifest.lock";
			outputPaths = (
			);
			runOnlyForDeploymentPostprocessing = 0;
			shellPath = /bin/sh;
			shellScript = "diff \"${PODS_ROOT}/../Podfile.lock\" \"${PODS_ROOT}/Manifest.lock\" > /dev/null\nif [[ $? != 0 ]] ; then\n    cat << EOM\nerror: The sandbox is not in sync with the Podfile.lock. Run 'pod install' or update your CocoaPods installation.\nEOM\n    exit 1\nfi\n";
			showEnvVarsInLog = 0;
		};
		EBD383B17BAEA1DF9771FE2C /* Copy Pods Resources */ = {
			isa = PBXShellScriptBuildPhase;
			buildActionMask = 2147483647;
			files = (
			);
			inputPaths = (
			);
			name = "Copy Pods Resources";
			outputPaths = (
			);
			runOnlyForDeploymentPostprocessing = 0;
			shellPath = /bin/sh;
			shellScript = "\"${SRCROOT}/Pods/Target Support Files/Pods/Pods-resources.sh\"\n";
			showEnvVarsInLog = 0;
		};
/* End PBXShellScriptBuildPhase section */

/* Begin PBXSourcesBuildPhase section */
		32D8DBB31AB586D200D338B2 /* Sources */ = {
			isa = PBXSourcesBuildPhase;
			buildActionMask = 2147483647;
			files = (
				3251C02D1AB601DE000DE726 /* TSocketClient.m in Sources */,
				32D8DBC31AB586D200D338B2 /* ViewController.m in Sources */,
				32D8DBC01AB586D200D338B2 /* AppDelegate.m in Sources */,
				3251C0231AB601DE000DE726 /* TProtocolUtil.m in Sources */,
				3251C0301AB601DE000DE726 /* TTransportException.m in Sources */,
				3251BFE51AB5F121000DE726 /* AFNetworkingThriftTransport.m in Sources */,
				3251C0221AB601DE000DE726 /* TProtocolException.m in Sources */,
				3251C02B1AB601DE000DE726 /* TNSFileHandleTransport.m in Sources */,
				32D8DBBD1AB586D200D338B2 /* main.m in Sources */,
				3251C0241AB601DE000DE726 /* TSocketServer.m in Sources */,
				3251C0261AB601DE000DE726 /* TBaseClient.m in Sources */,
				3251C02E1AB601DE000DE726 /* TSSLSocketClient.m in Sources */,
				3251C0251AB601DE000DE726 /* TApplicationException.m in Sources */,
				3251C0201AB601DE000DE726 /* TMultiplexedProtocol.m in Sources */,
				3251C0271AB601DE000DE726 /* TException.m in Sources */,
				3251BFE81AB5FA62000DE726 /* asdf.m in Sources */,
				3251C0211AB601DE000DE726 /* TProtocolDecorator.m in Sources */,
				3251C0311AB601DE000DE726 /* TSharedProcessorFactory.m in Sources */,
				3251BFDB1AB58E9F000DE726 /* ThriftTest.m in Sources */,
				3251C02A1AB601DE000DE726 /* TMemoryBuffer.m in Sources */,
				3251BFEB1AB5FC62000DE726 /* LiberalBinaryProtocolFactory.m in Sources */,
				3251C0281AB601DE000DE726 /* TFramedTransport.m in Sources */,
				3251C01F1AB601DE000DE726 /* TBinaryProtocol.m in Sources */,
				3251C02C1AB601DE000DE726 /* TNSStreamTransport.m in Sources */,
				3251C02F1AB601DE000DE726 /* TSSLSocketException.m in Sources */,
				3251C0291AB601DE000DE726 /* THTTPClient.m in Sources */,
			);
			runOnlyForDeploymentPostprocessing = 0;
		};
		32D8DBCC1AB586D200D338B2 /* Sources */ = {
			isa = PBXSourcesBuildPhase;
			buildActionMask = 2147483647;
			files = (
				32D8DBD71AB586D200D338B2 /* thrift_cocoa_loveTests.m in Sources */,
			);
			runOnlyForDeploymentPostprocessing = 0;
		};
/* End PBXSourcesBuildPhase section */

/* Begin PBXTargetDependency section */
		32D8DBD21AB586D200D338B2 /* PBXTargetDependency */ = {
			isa = PBXTargetDependency;
			target = 32D8DBB61AB586D200D338B2 /* thrift-cocoa-love */;
			targetProxy = 32D8DBD11AB586D200D338B2 /* PBXContainerItemProxy */;
		};
/* End PBXTargetDependency section */

/* Begin PBXVariantGroup section */
		32D8DBC41AB586D200D338B2 /* Main.storyboard */ = {
			isa = PBXVariantGroup;
			children = (
				32D8DBC51AB586D200D338B2 /* Base */,
			);
			name = Main.storyboard;
			sourceTree = "<group>";
		};
		32D8DBC91AB586D200D338B2 /* LaunchScreen.xib */ = {
			isa = PBXVariantGroup;
			children = (
				32D8DBCA1AB586D200D338B2 /* Base */,
			);
			name = LaunchScreen.xib;
			sourceTree = "<group>";
		};
/* End PBXVariantGroup section */

/* Begin XCBuildConfiguration section */
		32D8DBD81AB586D200D338B2 /* Debug */ = {
			isa = XCBuildConfiguration;
			buildSettings = {
				ALWAYS_SEARCH_USER_PATHS = NO;
				CLANG_CXX_LANGUAGE_STANDARD = "gnu++0x";
				CLANG_CXX_LIBRARY = "libc++";
				CLANG_ENABLE_MODULES = YES;
				CLANG_ENABLE_OBJC_ARC = YES;
				CLANG_WARN_BOOL_CONVERSION = YES;
				CLANG_WARN_CONSTANT_CONVERSION = YES;
				CLANG_WARN_DIRECT_OBJC_ISA_USAGE = YES_ERROR;
				CLANG_WARN_EMPTY_BODY = YES;
				CLANG_WARN_ENUM_CONVERSION = YES;
				CLANG_WARN_INT_CONVERSION = YES;
				CLANG_WARN_OBJC_ROOT_CLASS = YES_ERROR;
				CLANG_WARN_UNREACHABLE_CODE = YES;
				CLANG_WARN__DUPLICATE_METHOD_MATCH = YES;
				"CODE_SIGN_IDENTITY[sdk=iphoneos*]" = "iPhone Developer";
				COPY_PHASE_STRIP = NO;
				ENABLE_STRICT_OBJC_MSGSEND = YES;
				GCC_C_LANGUAGE_STANDARD = gnu99;
				GCC_DYNAMIC_NO_PIC = NO;
				GCC_OPTIMIZATION_LEVEL = 0;
				GCC_PREPROCESSOR_DEFINITIONS = (
					"DEBUG=1",
					"$(inherited)",
				);
				GCC_SYMBOLS_PRIVATE_EXTERN = NO;
				GCC_WARN_64_TO_32_BIT_CONVERSION = YES;
				GCC_WARN_ABOUT_RETURN_TYPE = YES_ERROR;
				GCC_WARN_UNDECLARED_SELECTOR = YES;
				GCC_WARN_UNINITIALIZED_AUTOS = YES_AGGRESSIVE;
				GCC_WARN_UNUSED_FUNCTION = YES;
				GCC_WARN_UNUSED_VARIABLE = YES;
				IPHONEOS_DEPLOYMENT_TARGET = 8.1;
				MTL_ENABLE_DEBUG_INFO = YES;
				ONLY_ACTIVE_ARCH = YES;
				SDKROOT = iphoneos;
			};
			name = Debug;
		};
		32D8DBD91AB586D200D338B2 /* Release */ = {
			isa = XCBuildConfiguration;
			buildSettings = {
				ALWAYS_SEARCH_USER_PATHS = NO;
				CLANG_CXX_LANGUAGE_STANDARD = "gnu++0x";
				CLANG_CXX_LIBRARY = "libc++";
				CLANG_ENABLE_MODULES = YES;
				CLANG_ENABLE_OBJC_ARC = YES;
				CLANG_WARN_BOOL_CONVERSION = YES;
				CLANG_WARN_CONSTANT_CONVERSION = YES;
				CLANG_WARN_DIRECT_OBJC_ISA_USAGE = YES_ERROR;
				CLANG_WARN_EMPTY_BODY = YES;
				CLANG_WARN_ENUM_CONVERSION = YES;
				CLANG_WARN_INT_CONVERSION = YES;
				CLANG_WARN_OBJC_ROOT_CLASS = YES_ERROR;
				CLANG_WARN_UNREACHABLE_CODE = YES;
				CLANG_WARN__DUPLICATE_METHOD_MATCH = YES;
				"CODE_SIGN_IDENTITY[sdk=iphoneos*]" = "iPhone Developer";
				COPY_PHASE_STRIP = YES;
				ENABLE_NS_ASSERTIONS = NO;
				ENABLE_STRICT_OBJC_MSGSEND = YES;
				GCC_C_LANGUAGE_STANDARD = gnu99;
				GCC_WARN_64_TO_32_BIT_CONVERSION = YES;
				GCC_WARN_ABOUT_RETURN_TYPE = YES_ERROR;
				GCC_WARN_UNDECLARED_SELECTOR = YES;
				GCC_WARN_UNINITIALIZED_AUTOS = YES_AGGRESSIVE;
				GCC_WARN_UNUSED_FUNCTION = YES;
				GCC_WARN_UNUSED_VARIABLE = YES;
				IPHONEOS_DEPLOYMENT_TARGET = 8.1;
				MTL_ENABLE_DEBUG_INFO = NO;
				SDKROOT = iphoneos;
				VALIDATE_PRODUCT = YES;
			};
			name = Release;
		};
		32D8DBDB1AB586D200D338B2 /* Debug */ = {
			isa = XCBuildConfiguration;
			baseConfigurationReference = C604A55B4B9CE1025E4D0DDC /* Pods.debug.xcconfig */;
			buildSettings = {
				ASSETCATALOG_COMPILER_APPICON_NAME = AppIcon;
				INFOPLIST_FILE = "thrift-cocoa-love/Info.plist";
				IPHONEOS_DEPLOYMENT_TARGET = 6.0;
				LD_RUNPATH_SEARCH_PATHS = "$(inherited) @executable_path/Frameworks";
				PRODUCT_NAME = "$(TARGET_NAME)";
			};
			name = Debug;
		};
		32D8DBDC1AB586D200D338B2 /* Release */ = {
			isa = XCBuildConfiguration;
			baseConfigurationReference = 9D07D1CBAC2CFC81F0022DE2 /* Pods.release.xcconfig */;
			buildSettings = {
				ASSETCATALOG_COMPILER_APPICON_NAME = AppIcon;
				INFOPLIST_FILE = "thrift-cocoa-love/Info.plist";
				IPHONEOS_DEPLOYMENT_TARGET = 6.0;
				LD_RUNPATH_SEARCH_PATHS = "$(inherited) @executable_path/Frameworks";
				PRODUCT_NAME = "$(TARGET_NAME)";
			};
			name = Release;
		};
		32D8DBDE1AB586D200D338B2 /* Debug */ = {
			isa = XCBuildConfiguration;
			buildSettings = {
				BUNDLE_LOADER = "$(TEST_HOST)";
				FRAMEWORK_SEARCH_PATHS = (
					"$(SDKROOT)/Developer/Library/Frameworks",
					"$(inherited)",
				);
				GCC_PREPROCESSOR_DEFINITIONS = (
					"DEBUG=1",
					"$(inherited)",
				);
				INFOPLIST_FILE = "thrift-cocoa-loveTests/Info.plist";
				LD_RUNPATH_SEARCH_PATHS = "$(inherited) @executable_path/Frameworks @loader_path/Frameworks";
				PRODUCT_NAME = "$(TARGET_NAME)";
				TEST_HOST = "$(BUILT_PRODUCTS_DIR)/thrift-cocoa-love.app/thrift-cocoa-love";
			};
			name = Debug;
		};
		32D8DBDF1AB586D200D338B2 /* Release */ = {
			isa = XCBuildConfiguration;
			buildSettings = {
				BUNDLE_LOADER = "$(TEST_HOST)";
				FRAMEWORK_SEARCH_PATHS = (
					"$(SDKROOT)/Developer/Library/Frameworks",
					"$(inherited)",
				);
				INFOPLIST_FILE = "thrift-cocoa-loveTests/Info.plist";
				LD_RUNPATH_SEARCH_PATHS = "$(inherited) @executable_path/Frameworks @loader_path/Frameworks";
				PRODUCT_NAME = "$(TARGET_NAME)";
				TEST_HOST = "$(BUILT_PRODUCTS_DIR)/thrift-cocoa-love.app/thrift-cocoa-love";
			};
			name = Release;
		};
/* End XCBuildConfiguration section */

/* Begin XCConfigurationList section */
		32D8DBB21AB586D200D338B2 /* Build configuration list for PBXProject "thrift-cocoa-love" */ = {
			isa = XCConfigurationList;
			buildConfigurations = (
				32D8DBD81AB586D200D338B2 /* Debug */,
				32D8DBD91AB586D200D338B2 /* Release */,
			);
			defaultConfigurationIsVisible = 0;
			defaultConfigurationName = Release;
		};
		32D8DBDA1AB586D200D338B2 /* Build configuration list for PBXNativeTarget "thrift-cocoa-love" */ = {
			isa = XCConfigurationList;
			buildConfigurations = (
				32D8DBDB1AB586D200D338B2 /* Debug */,
				32D8DBDC1AB586D200D338B2 /* Release */,
			);
			defaultConfigurationIsVisible = 0;
			defaultConfigurationName = Release;
		};
		32D8DBDD1AB586D200D338B2 /* Build configuration list for PBXNativeTarget "thrift-cocoa-loveTests" */ = {
			isa = XCConfigurationList;
			buildConfigurations = (
				32D8DBDE1AB586D200D338B2 /* Debug */,
				32D8DBDF1AB586D200D338B2 /* Release */,
			);
			defaultConfigurationIsVisible = 0;
			defaultConfigurationName = Release;
		};
/* End XCConfigurationList section */
	};
	rootObject = 32D8DBAF1AB586D200D338B2 /* Project object */;
}
